
Microsoft Visual Studio Solution File, Format Version 12.00
# Visual Studio Version 17
VisualStudioVersion = 17.0.32014.148
MinimumVisualStudioVersion = 10.0.40219.1
Project("{FAE04EC0-301F-11D3-BF4B-00C04F79EFBC}") = "20220109", "20220109.csproj", "{412327EB-1F5E-4239-B5CC-338FF07C4236}"
EndProject
Global
	GlobalSection(SolutionConfigurationPlatforms) = preSolution
		Debug|Any CPU = Debug|Any CPU
		Release|Any CPU = Release|Any CPU
	EndGlobalSection
	GlobalSection(ProjectConfigurationPlatforms) = postSolution
		{412327EB-1F5E-4239-B5CC-338FF07C4236}.Debug|Any CPU.ActiveCfg = Debug|Any CPU
		{412327EB-1F5E-4239-B5CC-338FF07C4236}.Debug|Any CPU.Build.0 = Debug|Any CPU
		{412327EB-1F5E-4239-B5CC-338FF07C4236}.Release|Any CPU.ActiveCfg = Release|Any CPU
		{412327EB-1F5E-4239-B5CC-338FF07C4236}.Release|Any CPU.Build.0 = Release|Any CPU
	EndGlobalSection
	GlobalSection(SolutionProperties) = preSolution
		HideSolutionNode = FALSE
	EndGlobalSection
	GlobalSection(ExtensibilityGlobals) = postSolution
		SolutionGuid = {59C5B5C1-8508-439E-A3AE-A91017CA62FF}
	EndGlobalSection
EndGlobal
